{
  "name": "@transfeera/trf-components",
  "version": "0.0.1",
  "lockfileVersion": 3,
  "requires": true,
  "packages": {
    "": {
      "name": "@transfeera/trf-components",
      "version": "0.0.1",
      "devDependencies": {
        "@types/dompurify": "^3.0.5"
      }
    },
    "node_modules/@types/dompurify": {
      "version": "3.0.5",
      "resolved": "https://registry.npmjs.org/@types/dompurify/-/dompurify-3.0.5.tgz",
      "integrity": "sha512-1Wg0g3BtQF7sSb27fJQAKck1HECM6zV1EB66j8JH9i3LCjYabJa0FSdiSgsD5K/RbrsR0SiraKacLB+T8ZVYAg==",
      "dev": true,
      "dependencies": {
        "@types/trusted-types": "*"
      }
    },
    "node_modules/@types/trusted-types": {
      "version": "2.0.6",
      "resolved": "https://registry.npmjs.org/@types/trusted-types/-/trusted-types-2.0.6.tgz",
      "integrity": "sha512-HYtNooPvUY9WAVRBr4u+4Qa9fYD1ze2IUlAD3HoA6oehn1taGwBx3Oa52U4mTslTS+GAExKpaFu39Y5xUEwfjg==",
      "dev": true
    }
  }
}
